
Microsoft Visual Studio Solution File, Format Version 12.00
# Visual Studio Version 17
VisualStudioVersion = 17.3.32804.467
MinimumVisualStudioVersion = 10.0.40219.1
Project("{9A19103F-16F7-4668-BE54-9A1E7A4F7556}") = "PkmnTypeCalcAvaloniaWpfUi", "PkmnTypeCalcAvaloniaWpfUi\PkmnTypeCalcAvaloniaWpfUi.csproj", "{3AB5408F-C04C-4C67-B122-60BE3570EAE9}"
EndProject
Project("{9A19103F-16F7-4668-BE54-9A1E7A4F7556}") = "PokemonTypeLibrary", "PokemonTypeLibrary\PokemonTypeLibrary.csproj", "{30B6A95E-2BE3-4E13-9F84-A5D2C8CD73C0}"
EndProject
Global
	GlobalSection(SolutionConfigurationPlatforms) = preSolution
		Debug|Any CPU = Debug|Any CPU
		Release|Any CPU = Release|Any CPU
	EndGlobalSection
	GlobalSection(ProjectConfigurationPlatforms) = postSolution
		{3AB5408F-C04C-4C67-B122-60BE3570EAE9}.Debug|Any CPU.ActiveCfg = Debug|Any CPU
		{3AB5408F-C04C-4C67-B122-60BE3570EAE9}.Debug|Any CPU.Build.0 = Debug|Any CPU
		{3AB5408F-C04C-4C67-B122-60BE3570EAE9}.Release|Any CPU.ActiveCfg = Release|Any CPU
		{3AB5408F-C04C-4C67-B122-60BE3570EAE9}.Release|Any CPU.Build.0 = Release|Any CPU
		{30B6A95E-2BE3-4E13-9F84-A5D2C8CD73C0}.Debug|Any CPU.ActiveCfg = Debug|Any CPU
		{30B6A95E-2BE3-4E13-9F84-A5D2C8CD73C0}.Debug|Any CPU.Build.0 = Debug|Any CPU
		{30B6A95E-2BE3-4E13-9F84-A5D2C8CD73C0}.Release|Any CPU.ActiveCfg = Release|Any CPU
		{30B6A95E-2BE3-4E13-9F84-A5D2C8CD73C0}.Release|Any CPU.Build.0 = Release|Any CPU
	EndGlobalSection
	GlobalSection(SolutionProperties) = preSolution
		HideSolutionNode = FALSE
	EndGlobalSection
	GlobalSection(ExtensibilityGlobals) = postSolution
		SolutionGuid = {EEBF0CD7-F873-41A4-B4A8-A2657E96A35A}
	EndGlobalSection
EndGlobal
